
Microsoft Visual Studio Solution File, Format Version 12.00
# Visual Studio Version 17
VisualStudioVersion = 17.14.36518.9
MinimumVisualStudioVersion = 10.0.40219.1
Project("{FAE04EC0-301F-11D3-BF4B-00C04F79EFBC}") = "Tarea2.Ejercicio1.WebApp", "Tarea2.Ejercicio1.WebApp\Tarea2.Ejercicio1.WebApp.csproj", "{55F0CB2D-468C-4ACB-B41E-982056BFF492}"
EndProject
Project("{FAE04EC0-301F-11D3-BF4B-00C04F79EFBC}") = "Tarea2.Ejercicio1.WebApi", "Tarea2.Ejercicio1.WebApi\Tarea2.Ejercicio1.WebApi.csproj", "{CE32E151-AE07-3729-E233-491DB1E1CE40}"
EndProject
Global
	GlobalSection(SolutionConfigurationPlatforms) = preSolution
		Debug|Any CPU = Debug|Any CPU
		Release|Any CPU = Release|Any CPU
	EndGlobalSection
	GlobalSection(ProjectConfigurationPlatforms) = postSolution
		{55F0CB2D-468C-4ACB-B41E-982056BFF492}.Debug|Any CPU.ActiveCfg = Debug|Any CPU
		{55F0CB2D-468C-4ACB-B41E-982056BFF492}.Debug|Any CPU.Build.0 = Debug|Any CPU
		{55F0CB2D-468C-4ACB-B41E-982056BFF492}.Release|Any CPU.ActiveCfg = Release|Any CPU
		{55F0CB2D-468C-4ACB-B41E-982056BFF492}.Release|Any CPU.Build.0 = Release|Any CPU
		{CE32E151-AE07-3729-E233-491DB1E1CE40}.Debug|Any CPU.ActiveCfg = Debug|Any CPU
		{CE32E151-AE07-3729-E233-491DB1E1CE40}.Debug|Any CPU.Build.0 = Debug|Any CPU
		{CE32E151-AE07-3729-E233-491DB1E1CE40}.Release|Any CPU.ActiveCfg = Release|Any CPU
		{CE32E151-AE07-3729-E233-491DB1E1CE40}.Release|Any CPU.Build.0 = Release|Any CPU
	EndGlobalSection
	GlobalSection(SolutionProperties) = preSolution
		HideSolutionNode = FALSE
	EndGlobalSection
	GlobalSection(ExtensibilityGlobals) = postSolution
		SolutionGuid = {8BD71E6D-711B-49F3-A84A-69B4A4C011C1}
	EndGlobalSection
EndGlobal
